%{
  "dialyxir": {:hex, :dialyxir, "0.5.1", "b331b091720fd93e878137add264bac4f644e1ddae07a70bf7062c7862c4b952", [], [], "hexpm"},
  "exfmt": {:hex, :exfmt, "0.5.0", "9d5cd174eb31a158654d97b62dfec9866e74f2c740dbdc97ea29a3147a701237", [], [], "hexpm"},
  "printex": {:hex, :printex, "0.1.2", "eb9a55403dcc894183c62e5655e1ed789cf7b087b6b035ccfcee188461c3fb59", [], [], "hexpm"},
}
